
Microsoft Visual Studio Solution File, Format Version 12.00
# Visual Studio 14
VisualStudioVersion = 14.0.23107.0
MinimumVisualStudioVersion = 10.0.40219.1
Project("{8BC9CEB8-8B4A-11D0-8D11-00A0C91BC942}") = "C++ Sources", "C++ Sources\C++ Sources.vcxproj", "{067D3DF0-57F7-4E57-A620-B4DAB2132774}"
EndProject
Project("{6989167D-11E4-40FE-8C1A-2192A86A7E90}") = "FORTRAN Static Lib", "FORTRAN Static Lib\FORTRAN Static Lib.vfproj", "{830A7755-24A5-47C8-BEC8-D509CF4D8A9D}"
EndProject
Global
	GlobalSection(SolutionConfigurationPlatforms) = preSolution
		Debug|x64 = Debug|x64
		Debug|x86 = Debug|x86
		Release|x64 = Release|x64
		Release|x86 = Release|x86
	EndGlobalSection
	GlobalSection(ProjectConfigurationPlatforms) = postSolution
		{067D3DF0-57F7-4E57-A620-B4DAB2132774}.Debug|x64.ActiveCfg = Debug|x64
		{067D3DF0-57F7-4E57-A620-B4DAB2132774}.Debug|x64.Build.0 = Debug|x64
		{067D3DF0-57F7-4E57-A620-B4DAB2132774}.Debug|x86.ActiveCfg = Debug|Win32
		{067D3DF0-57F7-4E57-A620-B4DAB2132774}.Debug|x86.Build.0 = Debug|Win32
		{067D3DF0-57F7-4E57-A620-B4DAB2132774}.Release|x64.ActiveCfg = Release|x64
		{067D3DF0-57F7-4E57-A620-B4DAB2132774}.Release|x64.Build.0 = Release|x64
		{067D3DF0-57F7-4E57-A620-B4DAB2132774}.Release|x86.ActiveCfg = Release|Win32
		{067D3DF0-57F7-4E57-A620-B4DAB2132774}.Release|x86.Build.0 = Release|Win32
		{830A7755-24A5-47C8-BEC8-D509CF4D8A9D}.Debug|x64.ActiveCfg = Debug|Win32
		{830A7755-24A5-47C8-BEC8-D509CF4D8A9D}.Debug|x86.ActiveCfg = Debug|Win32
		{830A7755-24A5-47C8-BEC8-D509CF4D8A9D}.Debug|x86.Build.0 = Debug|Win32
		{830A7755-24A5-47C8-BEC8-D509CF4D8A9D}.Release|x64.ActiveCfg = Release|x64
		{830A7755-24A5-47C8-BEC8-D509CF4D8A9D}.Release|x64.Build.0 = Release|x64
		{830A7755-24A5-47C8-BEC8-D509CF4D8A9D}.Release|x86.ActiveCfg = Release|Win32
		{830A7755-24A5-47C8-BEC8-D509CF4D8A9D}.Release|x86.Build.0 = Release|Win32
	EndGlobalSection
	GlobalSection(SolutionProperties) = preSolution
		HideSolutionNode = FALSE
	EndGlobalSection
EndGlobal
